# This file is autogenerated, do not edit; changes may be undone by the next 'dep ensure'.


[[projects]]
  digest = "1:48fe4883dedb04f1f8b4e1d49a49bfed93c3e1687036a05323a81b3b7c4554c7"
  name = "github.com/certifi/gocertifi"
  packages = ["."]
  pruneopts = "UT"
  revision = "03be5e6bb9874570ea7fb0961225d193cbc374c5"
  version = "2017.01.23"

[[projects]]
  branch = "master"
  digest = "1:8fd4aa0f62182c8d87de4249ba695e80ddbde4b03275ddf736f2b695603a856b"
  name = "github.com/cloud66-oss/cloud66"
  packages = ["."]
  pruneopts = "UT"
  revision = "1ab02525e48b0738ba95ebd44b2909364c0d1378"

[[projects]]
  branch = "master"
  digest = "1:b15d92c091f916eeaa3fa858eb51c9726109767a21cf7901d6001113cfc5d875"
  name = "github.com/cloud66-oss/trackman"
  packages = [
    "notifiers",
    "utils",
  ]
  pruneopts = "UT"
  revision = "a8349e661ed947df49500d7b5858770a9428adf4"

[[projects]]
  digest = "1:4a2ef035c205a86c12b2c56b3f324d35c98658c2ae445e6236e3ee1ef8dac2fd"
  name = "github.com/cloud66/cli"
  packages = ["."]
  pruneopts = "UT"
  revision = "99fe3ed9502b7ed1fb1e2b39de0e4ca618123c12"

[[projects]]
  branch = "master"
  digest = "1:feeee3a69c4f9e8a685d8b7438c34a2db019cd96b99b28a13a7a76497c626b3c"
  name = "github.com/cloud66/fayego"
  packages = [
    "fayeclient",
    "fayeserver",
  ]
  pruneopts = "UT"
  revision = "62f173dff4c0eaf5686464384fcd3b11415b4310"

[[projects]]
  branch = "master"
  digest = "1:f99c20947a1302802ea8f57b1de227b7ef3a10fdbcfa06db440cdeb46c3b0759"
  name = "github.com/cloud66/wray"
  packages = ["."]
  pruneopts = "UT"
  revision = "19624b7fbd8037566e8298754bc5d2c917cc1fa3"

[[projects]]
  digest = "1:e3bb035dd2ee60debfd83a746867a2b632165fb284620a56384250e882b3f4af"
  name = "github.com/getsentry/raven-go"
  packages = ["."]
  pruneopts = "UT"
  revision = "aff752b3f9b36599a3ab28ac36255bea069b440b"

[[projects]]
  digest = "1:582b704bebaa06b48c29b0cec224a6058a09c86883aaddabde889cd1a5f73e1b"
  name = "github.com/google/uuid"
  packages = ["."]
  pruneopts = "UT"
  revision = "0cd6bf5da1e1c83f8b45653022c74f71af0538a4"
  version = "v1.1.1"

[[projects]]
  digest = "1:b1888d094847a5198b91d76a299e45c2c8debe9f9b9eb9a6e7b1dc7ec2a27513"
  name = "github.com/gorilla/websocket"
  packages = ["."]
  pruneopts = "UT"
  revision = "361d4c0ffd78338ebe0a9e6320cdbe115d7dc026"

[[projects]]
  digest = "1:5d452e34a30ba392f493797cd1e49bb489a25a2feb2cd1b568d7e3e4a34fa6c5"
  name = "github.com/h2non/gock"
  packages = ["."]
  pruneopts = "UT"
  revision = "029e5f2873a46acb40329d84261f397c7daffe77"

[[projects]]
  digest = "1:0ade334594e69404d80d9d323445d2297ff8161637f9b2d347cc6973d2d6f05b"
  name = "github.com/hashicorp/errwrap"
  packages = ["."]
  pruneopts = "UT"
  revision = "8a6fb523712970c966eefc6b39ed2c5e74880354"
  version = "v1.0.0"

[[projects]]
  digest = "1:f668349b83f7d779567c880550534addeca7ebadfdcf44b0b9c39be61864b4b7"
  name = "github.com/hashicorp/go-multierror"
  packages = ["."]
  pruneopts = "UT"
  revision = "886a7fbe3eb1c874d46f623bfa70af45f425b3d1"
  version = "v1.0.0"

[[projects]]
  digest = "1:f3b0cfd42716269884bf06df5d5be9e54161d5af0a2f0ccca08717928dd45fc5"
  name = "github.com/inconshreveable/go-update"
  packages = [
    ".",
    "internal/binarydist",
    "internal/osext",
  ]
  pruneopts = "UT"
  revision = "8455de157e5e3eee5d680febf627fc4c03b59332"

[[projects]]
  digest = "1:25933dc1991cc05e4d785fe933948b88464a27e424155ba5b6d129f3449f16a5"
  name = "github.com/kardianos/osext"
  packages = ["."]
  pruneopts = "UT"
  revision = "6e7f843663477789fac7c02def0d0909e969b4e5"

[[projects]]
  branch = "master"
  digest = "1:400e113a367b511b9b09ca642ee11d9885485a93838526d697033af334a2fdde"
  name = "github.com/kballard/go-shellquote"
  packages = ["."]
  pruneopts = "UT"
  revision = "95032a82bc518f77982ea72343cc1ade730072f0"

[[projects]]
  branch = "master"
  digest = "1:041b1df118bc77031d26f3ad0bec538f3e1f76106a47d7657e20a6b56604de14"
  name = "github.com/khash/oauth"
  packages = ["oauth"]
  pruneopts = "UT"
  revision = "29933d91e1e3d670d91953d364064f5edb0a8b85"

[[projects]]
  digest = "1:31e761d97c76151dde79e9d28964a812c46efc5baee4085b86f68f0c654450de"
  name = "github.com/konsorten/go-windows-terminal-sequences"
  packages = ["."]
  pruneopts = "UT"
  revision = "f55edac94c9bbba5d6182a4be46d86a2c9b5b50e"
  version = "v1.0.2"

[[projects]]
  branch = "master"
  digest = "1:575a30b0d62bd85712847c4ac008325dd1c34bdf691ff91e34020bb83e75ecbf"
  name = "github.com/kr/s3"
  packages = [
    ".",
    "s3util",
  ]
  pruneopts = "UT"
  revision = "c070c8f9a8f0032d48f0d2a77d4e382788bd8a1d"

[[projects]]
  digest = "1:e74c7fcca6a9c96f8f1dacc7ae40a09338e51ce4b379f139069c88ba7ea08239"
  name = "github.com/mgutz/ansi"
  packages = ["."]
  pruneopts = "UT"
  revision = "c286dcecd19ff979eeb73ea444e479b903f2cfcb"

[[projects]]
  digest = "1:97860933e64dfde497daaeb12719bff1191a7c464b45bca69604121abcdb56f3"
  name = "github.com/onsi/ginkgo"
  packages = [
    ".",
    "config",
    "internal/codelocation",
    "internal/containernode",
    "internal/failer",
    "internal/leafnodes",
    "internal/remote",
    "internal/spec",
    "internal/specrunner",
    "internal/suite",
    "internal/testingtproxy",
    "internal/writer",
    "reporters",
    "reporters/stenographer",
    "types",
  ]
  pruneopts = "UT"
  revision = "c3a655f9b37a2207fa39721b078b3173ee9218d6"

[[projects]]
  digest = "1:f9c481f06a060a6ee281d788f81bc32367daf58b3a4790abbc15181e4a5f18ff"
  name = "github.com/onsi/gomega"
  packages = [
    ".",
    "format",
    "internal/assertion",
    "internal/asyncassertion",
    "internal/oraclematcher",
    "internal/testingtsupport",
    "matchers",
    "matchers/support/goraph/bipartitegraph",
    "matchers/support/goraph/edge",
    "matchers/support/goraph/node",
    "matchers/support/goraph/util",
    "types",
  ]
  pruneopts = "UT"
  revision = "7ce781ea776b2fd506491011353bded2e40c8467"

[[projects]]
  digest = "1:361de06aa7ae272616cbe71c3994a654cc6316324e30998e650f7765b20c5b33"
  name = "github.com/pborman/uuid"
  packages = ["."]
  pruneopts = "UT"
  revision = "e790cca94e6cc75c7064b1332e63811d4aae1a53"
  version = "v1.1"

[[projects]]
  digest = "1:fd61cf4ae1953d55df708acb6b91492d538f49c305b364a014049914495db426"
  name = "github.com/sirupsen/logrus"
  packages = ["."]
  pruneopts = "UT"
  revision = "8bdbc7bcc01dcbb8ec23dc8a28e332258d25251f"
  version = "v1.4.1"

[[projects]]
  digest = "1:e1cd343b3883ced86b6873fe4d2f76799259fba3d1656df6ac0a7fa92644c049"
  name = "github.com/toqueteos/webbrowser"
  packages = ["."]
  pruneopts = "UT"
  revision = "3232c91b8ede8ca86e8962981d881af78875542f"
  version = "v1.1.0"

[[projects]]
  branch = "master"
  digest = "1:382bb5a7fb4034db3b6a2d19e5a4a6bcf52f4750530603c01ca18a172fa3089b"
  name = "golang.org/x/sync"
  packages = ["semaphore"]
  pruneopts = "UT"
  revision = "112230192c580c3556b8cee6403af37a4fc5f28c"

[[projects]]
  branch = "master"
  digest = "1:3851a6d548ec5a808e396408f03a30b8d05ef4426db7ad8688f639b2d88b47bd"
  name = "golang.org/x/sys"
  packages = ["unix"]
  pruneopts = "UT"
  revision = "61b9204099cb1bebc803c9ffb9b2d3acd9d457d9"

[[projects]]
  digest = "1:4d2e5a73dc1500038e504a8d78b986630e3626dc027bc030ba5c75da257cdb96"
  name = "gopkg.in/yaml.v2"
  packages = ["."]
  pruneopts = "UT"
  revision = "51d6538a90f86fe93ac480b35f37b2be17fef232"
  version = "v2.2.2"

[solve-meta]
  analyzer-name = "dep"
  analyzer-version = 1
  input-imports = [
    "github.com/cloud66-oss/cloud66",
    "github.com/cloud66-oss/trackman/notifiers",
    "github.com/cloud66-oss/trackman/utils",
    "github.com/cloud66/cli",
    "github.com/cloud66/wray",
    "github.com/getsentry/raven-go",
    "github.com/h2non/gock",
    "github.com/inconshreveable/go-update",
    "github.com/kardianos/osext",
    "github.com/kr/s3",
    "github.com/kr/s3/s3util",
    "github.com/mgutz/ansi",
    "github.com/onsi/ginkgo",
    "github.com/onsi/gomega",
    "github.com/sirupsen/logrus",
    "github.com/toqueteos/webbrowser",
  ]
  solver-name = "gps-cdcl"
  solver-version = 1
