# This file is autogenerated, do not edit; changes may be undone by the next 'dep ensure'.


[[projects]]
  branch = "master"
  name = "github.com/kr/s3"
  packages = [
    ".",
    "s3util"
  ]
  revision = "c070c8f9a8f0032d48f0d2a77d4e382788bd8a1d"

[solve-meta]
  analyzer-name = "dep"
  analyzer-version = 1
  inputs-digest = "85f03760699c8717a71e0cf92c222491aafcafa0b5c836c809d5630d0ea08fb6"
  solver-name = "gps-cdcl"
  solver-version = 1
